
Microsoft Visual Studio Solution File, Format Version 12.00
# Visual Studio 14
VisualStudioVersion = 14.0.23107.0
MinimumVisualStudioVersion = 10.0.40219.1
Project("{FAE04EC0-301F-11D3-BF4B-00C04F79EFBC}") = "Zad1", "Zad1\Zad1.csproj", "{B8FC22D7-B863-4369-BA4A-F33F072D6F28}"
EndProject
Project("{FAE04EC0-301F-11D3-BF4B-00C04F79EFBC}") = "Zad2", "Zad2\Zad2.csproj", "{190A3081-4B2B-4E59-9855-0564CD092206}"
EndProject
Project("{FAE04EC0-301F-11D3-BF4B-00C04F79EFBC}") = "Zad3", "Zad3\Zad3.csproj", "{17AFAA45-8CA6-4022-AA69-A6ECECE61D98}"
EndProject
Project("{FAE04EC0-301F-11D3-BF4B-00C04F79EFBC}") = "Zad4", "Zad4\Zad4.csproj", "{E650BFB3-AA28-443D-86D9-29CB963C7ED3}"
EndProject
Project("{FAE04EC0-301F-11D3-BF4B-00C04F79EFBC}") = "Zad9", "Zad9\Zad9.csproj", "{ADE2F654-12B3-48B8-863D-C5AD7E1C8841}"
EndProject
Project("{FAE04EC0-301F-11D3-BF4B-00C04F79EFBC}") = "wieżowy", "wieżowy\wieżowy.csproj", "{B9269DD0-8F37-4702-B94C-64E117FEF084}"
EndProject
Project("{FAE04EC0-301F-11D3-BF4B-00C04F79EFBC}") = "Zad 4 przerobione", "Zad 4 przerobione\Zad 4 przerobione.csproj", "{44D28D29-8B63-46CC-9CDE-DD4B75E421D3}"
EndProject
Project("{FAE04EC0-301F-11D3-BF4B-00C04F79EFBC}") = "Zad 4 przerobione TESTY", "Zad 4 przerobione TESTY\Zad 4 przerobione TESTY.csproj", "{2EC6FEFA-B629-4DD4-87F7-40DC6AEDCBEE}"
EndProject
Global
	GlobalSection(SolutionConfigurationPlatforms) = preSolution
		Debug|Any CPU = Debug|Any CPU
		Debug|x86 = Debug|x86
		Release|Any CPU = Release|Any CPU
		Release|x86 = Release|x86
	EndGlobalSection
	GlobalSection(ProjectConfigurationPlatforms) = postSolution
		{B8FC22D7-B863-4369-BA4A-F33F072D6F28}.Debug|Any CPU.ActiveCfg = Debug|Any CPU
		{B8FC22D7-B863-4369-BA4A-F33F072D6F28}.Debug|Any CPU.Build.0 = Debug|Any CPU
		{B8FC22D7-B863-4369-BA4A-F33F072D6F28}.Debug|x86.ActiveCfg = Debug|Any CPU
		{B8FC22D7-B863-4369-BA4A-F33F072D6F28}.Debug|x86.Build.0 = Debug|Any CPU
		{B8FC22D7-B863-4369-BA4A-F33F072D6F28}.Release|Any CPU.ActiveCfg = Release|Any CPU
		{B8FC22D7-B863-4369-BA4A-F33F072D6F28}.Release|Any CPU.Build.0 = Release|Any CPU
		{B8FC22D7-B863-4369-BA4A-F33F072D6F28}.Release|x86.ActiveCfg = Release|Any CPU
		{B8FC22D7-B863-4369-BA4A-F33F072D6F28}.Release|x86.Build.0 = Release|Any CPU
		{190A3081-4B2B-4E59-9855-0564CD092206}.Debug|Any CPU.ActiveCfg = Debug|Any CPU
		{190A3081-4B2B-4E59-9855-0564CD092206}.Debug|Any CPU.Build.0 = Debug|Any CPU
		{190A3081-4B2B-4E59-9855-0564CD092206}.Debug|x86.ActiveCfg = Debug|Any CPU
		{190A3081-4B2B-4E59-9855-0564CD092206}.Debug|x86.Build.0 = Debug|Any CPU
		{190A3081-4B2B-4E59-9855-0564CD092206}.Release|Any CPU.ActiveCfg = Release|Any CPU
		{190A3081-4B2B-4E59-9855-0564CD092206}.Release|Any CPU.Build.0 = Release|Any CPU
		{190A3081-4B2B-4E59-9855-0564CD092206}.Release|x86.ActiveCfg = Release|Any CPU
		{190A3081-4B2B-4E59-9855-0564CD092206}.Release|x86.Build.0 = Release|Any CPU
		{17AFAA45-8CA6-4022-AA69-A6ECECE61D98}.Debug|Any CPU.ActiveCfg = Debug|Any CPU
		{17AFAA45-8CA6-4022-AA69-A6ECECE61D98}.Debug|Any CPU.Build.0 = Debug|Any CPU
		{17AFAA45-8CA6-4022-AA69-A6ECECE61D98}.Debug|x86.ActiveCfg = Debug|Any CPU
		{17AFAA45-8CA6-4022-AA69-A6ECECE61D98}.Debug|x86.Build.0 = Debug|Any CPU
		{17AFAA45-8CA6-4022-AA69-A6ECECE61D98}.Release|Any CPU.ActiveCfg = Release|Any CPU
		{17AFAA45-8CA6-4022-AA69-A6ECECE61D98}.Release|Any CPU.Build.0 = Release|Any CPU
		{17AFAA45-8CA6-4022-AA69-A6ECECE61D98}.Release|x86.ActiveCfg = Release|Any CPU
		{17AFAA45-8CA6-4022-AA69-A6ECECE61D98}.Release|x86.Build.0 = Release|Any CPU
		{E650BFB3-AA28-443D-86D9-29CB963C7ED3}.Debug|Any CPU.ActiveCfg = Debug|Any CPU
		{E650BFB3-AA28-443D-86D9-29CB963C7ED3}.Debug|Any CPU.Build.0 = Debug|Any CPU
		{E650BFB3-AA28-443D-86D9-29CB963C7ED3}.Debug|x86.ActiveCfg = Debug|Any CPU
		{E650BFB3-AA28-443D-86D9-29CB963C7ED3}.Debug|x86.Build.0 = Debug|Any CPU
		{E650BFB3-AA28-443D-86D9-29CB963C7ED3}.Release|Any CPU.ActiveCfg = Release|Any CPU
		{E650BFB3-AA28-443D-86D9-29CB963C7ED3}.Release|Any CPU.Build.0 = Release|Any CPU
		{E650BFB3-AA28-443D-86D9-29CB963C7ED3}.Release|x86.ActiveCfg = Release|Any CPU
		{E650BFB3-AA28-443D-86D9-29CB963C7ED3}.Release|x86.Build.0 = Release|Any CPU
		{ADE2F654-12B3-48B8-863D-C5AD7E1C8841}.Debug|Any CPU.ActiveCfg = Debug|Any CPU
		{ADE2F654-12B3-48B8-863D-C5AD7E1C8841}.Debug|Any CPU.Build.0 = Debug|Any CPU
		{ADE2F654-12B3-48B8-863D-C5AD7E1C8841}.Debug|x86.ActiveCfg = Debug|Any CPU
		{ADE2F654-12B3-48B8-863D-C5AD7E1C8841}.Debug|x86.Build.0 = Debug|Any CPU
		{ADE2F654-12B3-48B8-863D-C5AD7E1C8841}.Release|Any CPU.ActiveCfg = Release|Any CPU
		{ADE2F654-12B3-48B8-863D-C5AD7E1C8841}.Release|Any CPU.Build.0 = Release|Any CPU
		{ADE2F654-12B3-48B8-863D-C5AD7E1C8841}.Release|x86.ActiveCfg = Release|Any CPU
		{ADE2F654-12B3-48B8-863D-C5AD7E1C8841}.Release|x86.Build.0 = Release|Any CPU
		{B9269DD0-8F37-4702-B94C-64E117FEF084}.Debug|Any CPU.ActiveCfg = Debug|Any CPU
		{B9269DD0-8F37-4702-B94C-64E117FEF084}.Debug|Any CPU.Build.0 = Debug|Any CPU
		{B9269DD0-8F37-4702-B94C-64E117FEF084}.Debug|x86.ActiveCfg = Debug|Any CPU
		{B9269DD0-8F37-4702-B94C-64E117FEF084}.Debug|x86.Build.0 = Debug|Any CPU
		{B9269DD0-8F37-4702-B94C-64E117FEF084}.Release|Any CPU.ActiveCfg = Release|Any CPU
		{B9269DD0-8F37-4702-B94C-64E117FEF084}.Release|Any CPU.Build.0 = Release|Any CPU
		{B9269DD0-8F37-4702-B94C-64E117FEF084}.Release|x86.ActiveCfg = Release|Any CPU
		{B9269DD0-8F37-4702-B94C-64E117FEF084}.Release|x86.Build.0 = Release|Any CPU
		{44D28D29-8B63-46CC-9CDE-DD4B75E421D3}.Debug|Any CPU.ActiveCfg = Debug|Any CPU
		{44D28D29-8B63-46CC-9CDE-DD4B75E421D3}.Debug|Any CPU.Build.0 = Debug|Any CPU
		{44D28D29-8B63-46CC-9CDE-DD4B75E421D3}.Debug|x86.ActiveCfg = Debug|Any CPU
		{44D28D29-8B63-46CC-9CDE-DD4B75E421D3}.Debug|x86.Build.0 = Debug|Any CPU
		{44D28D29-8B63-46CC-9CDE-DD4B75E421D3}.Release|Any CPU.ActiveCfg = Release|Any CPU
		{44D28D29-8B63-46CC-9CDE-DD4B75E421D3}.Release|Any CPU.Build.0 = Release|Any CPU
		{44D28D29-8B63-46CC-9CDE-DD4B75E421D3}.Release|x86.ActiveCfg = Release|Any CPU
		{44D28D29-8B63-46CC-9CDE-DD4B75E421D3}.Release|x86.Build.0 = Release|Any CPU
		{2EC6FEFA-B629-4DD4-87F7-40DC6AEDCBEE}.Debug|Any CPU.ActiveCfg = Debug|Any CPU
		{2EC6FEFA-B629-4DD4-87F7-40DC6AEDCBEE}.Debug|Any CPU.Build.0 = Debug|Any CPU
		{2EC6FEFA-B629-4DD4-87F7-40DC6AEDCBEE}.Debug|x86.ActiveCfg = Debug|Any CPU
		{2EC6FEFA-B629-4DD4-87F7-40DC6AEDCBEE}.Debug|x86.Build.0 = Debug|Any CPU
		{2EC6FEFA-B629-4DD4-87F7-40DC6AEDCBEE}.Release|Any CPU.ActiveCfg = Release|Any CPU
		{2EC6FEFA-B629-4DD4-87F7-40DC6AEDCBEE}.Release|Any CPU.Build.0 = Release|Any CPU
		{2EC6FEFA-B629-4DD4-87F7-40DC6AEDCBEE}.Release|x86.ActiveCfg = Release|Any CPU
		{2EC6FEFA-B629-4DD4-87F7-40DC6AEDCBEE}.Release|x86.Build.0 = Release|Any CPU
	EndGlobalSection
	GlobalSection(SolutionProperties) = preSolution
		HideSolutionNode = FALSE
	EndGlobalSection
EndGlobal
